
Microsoft Visual Studio Solution File, Format Version 12.00
# Visual Studio Version 16
VisualStudioVersion = 16.0.31424.327
MinimumVisualStudioVersion = 10.0.40219.1
Project("{FAE04EC0-301F-11D3-BF4B-00C04F79EFBC}") = "Binoxxo Solver", "Binoxxo Solver.csproj", "{84C5266B-3534-449D-AA8C-22E316BE0728}"
EndProject
Global
	GlobalSection(SolutionConfigurationPlatforms) = preSolution
		Debug|Any CPU = Debug|Any CPU
		Release|Any CPU = Release|Any CPU
	EndGlobalSection
	GlobalSection(ProjectConfigurationPlatforms) = postSolution
		{84C5266B-3534-449D-AA8C-22E316BE0728}.Debug|Any CPU.ActiveCfg = Debug|Any CPU
		{84C5266B-3534-449D-AA8C-22E316BE0728}.Debug|Any CPU.Build.0 = Debug|Any CPU
		{84C5266B-3534-449D-AA8C-22E316BE0728}.Release|Any CPU.ActiveCfg = Release|Any CPU
		{84C5266B-3534-449D-AA8C-22E316BE0728}.Release|Any CPU.Build.0 = Release|Any CPU
	EndGlobalSection
	GlobalSection(SolutionProperties) = preSolution
		HideSolutionNode = FALSE
	EndGlobalSection
	GlobalSection(ExtensibilityGlobals) = postSolution
		SolutionGuid = {907CC397-5652-48EB-A857-692DAF682D20}
	EndGlobalSection
EndGlobal
